// !$*UTF8*$!
{
	archiveVersion = 1;
	classes = {
	};
	objectVersion = 46;
	objects = {

/* Begin PBXBuildFile section */
		BF1E9E3A1DE596AC00CD414B /* MaterialView.swift in Sources */ = {isa = PBXBuildFile; fileRef = BF1E9E391DE596AC00CD414B /* MaterialView.swift */; };
		BF9682CE1DE45F4B00F10700 /* AppDelegate.swift in Sources */ = {isa = PBXBuildFile; fileRef = BF9682CD1DE45F4B00F10700 /* AppDelegate.swift */; };
		BF9682D01DE45F4B00F10700 /* MainViewController.swift in Sources */ = {isa = PBXBuildFile; fileRef = BF9682CF1DE45F4B00F10700 /* MainViewController.swift */; };
		BF9682D31DE45F4B00F10700 /* Main.storyboard in Resources */ = {isa = PBXBuildFile; fileRef = BF9682D11DE45F4B00F10700 /* Main.storyboard */; };
		BF9682D61DE45F4B00F10700 /* DreamLister.xcdatamodeld in Sources */ = {isa = PBXBuildFile; fileRef = BF9682D41DE45F4B00F10700 /* DreamLister.xcdatamodeld */; };
		BF9682D81DE45F4B00F10700 /* Assets.xcassets in Resources */ = {isa = PBXBuildFile; fileRef = BF9682D71DE45F4B00F10700 /* Assets.xcassets */; };
		BF9682DB1DE45F4B00F10700 /* LaunchScreen.storyboard in Resources */ = {isa = PBXBuildFile; fileRef = BF9682D91DE45F4B00F10700 /* LaunchScreen.storyboard */; };
		BF9682EA1DE4637500F10700 /* Image+CoreDataClass.swift in Sources */ = {isa = PBXBuildFile; fileRef = BF9682E21DE4637500F10700 /* Image+CoreDataClass.swift */; };
		BF9682EB1DE4637500F10700 /* Image+CoreDataProperties.swift in Sources */ = {isa = PBXBuildFile; fileRef = BF9682E31DE4637500F10700 /* Image+CoreDataProperties.swift */; };
		BF9682EC1DE4637500F10700 /* Item+CoreDataClass.swift in Sources */ = {isa = PBXBuildFile; fileRef = BF9682E41DE4637500F10700 /* Item+CoreDataClass.swift */; };
		BF9682ED1DE4637500F10700 /* Item+CoreDataProperties.swift in Sources */ = {isa = PBXBuildFile; fileRef = BF9682E51DE4637500F10700 /* Item+CoreDataProperties.swift */; };
		BF9682EE1DE4637500F10700 /* Store+CoreDataClass.swift in Sources */ = {isa = PBXBuildFile; fileRef = BF9682E61DE4637500F10700 /* Store+CoreDataClass.swift */; };
		BF9682EF1DE4637500F10700 /* Store+CoreDataProperties.swift in Sources */ = {isa = PBXBuildFile; fileRef = BF9682E71DE4637500F10700 /* Store+CoreDataProperties.swift */; };
		BF9682F01DE4637500F10700 /* ItemType+CoreDataClass.swift in Sources */ = {isa = PBXBuildFile; fileRef = BF9682E81DE4637500F10700 /* ItemType+CoreDataClass.swift */; };
		BF9682F11DE4637500F10700 /* ItemType+CoreDataProperties.swift in Sources */ = {isa = PBXBuildFile; fileRef = BF9682E91DE4637500F10700 /* ItemType+CoreDataProperties.swift */; };
/* End PBXBuildFile section */

/* Begin PBXFileReference section */
		BF1E9E391DE596AC00CD414B /* MaterialView.swift */ = {isa = PBXFileReference; fileEncoding = 4; lastKnownFileType = sourcecode.swift; path = MaterialView.swift; sourceTree = "<group>"; };
		BF9682CA1DE45F4B00F10700 /* DreamLister.app */ = {isa = PBXFileReference; explicitFileType = wrapper.application; includeInIndex = 0; path = DreamLister.app; sourceTree = BUILT_PRODUCTS_DIR; };
		BF9682CD1DE45F4B00F10700 /* AppDelegate.swift */ = {isa = PBXFileReference; lastKnownFileType = sourcecode.swift; path = AppDelegate.swift; sourceTree = "<group>"; };
		BF9682CF1DE45F4B00F10700 /* MainViewController.swift */ = {isa = PBXFileReference; lastKnownFileType = sourcecode.swift; path = MainViewController.swift; sourceTree = "<group>"; };
		BF9682D21DE45F4B00F10700 /* Base */ = {isa = PBXFileReference; lastKnownFileType = file.storyboard; name = Base; path = Base.lproj/Main.storyboard; sourceTree = "<group>"; };
		BF9682D51DE45F4B00F10700 /* DreamLister.xcdatamodel */ = {isa = PBXFileReference; lastKnownFileType = wrapper.xcdatamodel; path = DreamLister.xcdatamodel; sourceTree = "<group>"; };
		BF9682D71DE45F4B00F10700 /* Assets.xcassets */ = {isa = PBXFileReference; lastKnownFileType = folder.assetcatalog; path = Assets.xcassets; sourceTree = "<group>"; };
		BF9682DA1DE45F4B00F10700 /* Base */ = {isa = PBXFileReference; lastKnownFileType = file.storyboard; name = Base; path = Base.lproj/LaunchScreen.storyboard; sourceTree = "<group>"; };
		BF9682DC1DE45F4B00F10700 /* Info.plist */ = {isa = PBXFileReference; lastKnownFileType = text.plist.xml; path = Info.plist; sourceTree = "<group>"; };
		BF9682E21DE4637500F10700 /* Image+CoreDataClass.swift */ = {isa = PBXFileReference; fileEncoding = 4; lastKnownFileType = sourcecode.swift; path = "Image+CoreDataClass.swift"; sourceTree = "<group>"; };
		BF9682E31DE4637500F10700 /* Image+CoreDataProperties.swift */ = {isa = PBXFileReference; fileEncoding = 4; lastKnownFileType = sourcecode.swift; path = "Image+CoreDataProperties.swift"; sourceTree = "<group>"; };
		BF9682E41DE4637500F10700 /* Item+CoreDataClass.swift */ = {isa = PBXFileReference; fileEncoding = 4; lastKnownFileType = sourcecode.swift; path = "Item+CoreDataClass.swift"; sourceTree = "<group>"; };
		BF9682E51DE4637500F10700 /* Item+CoreDataProperties.swift */ = {isa = PBXFileReference; fileEncoding = 4; lastKnownFileType = sourcecode.swift; path = "Item+CoreDataProperties.swift"; sourceTree = "<group>"; };
		BF9682E61DE4637500F10700 /* Store+CoreDataClass.swift */ = {isa = PBXFileReference; fileEncoding = 4; lastKnownFileType = sourcecode.swift; path = "Store+CoreDataClass.swift"; sourceTree = "<group>"; };
		BF9682E71DE4637500F10700 /* Store+CoreDataProperties.swift */ = {isa = PBXFileReference; fileEncoding = 4; lastKnownFileType = sourcecode.swift; path = "Store+CoreDataProperties.swift"; sourceTree = "<group>"; };
		BF9682E81DE4637500F10700 /* ItemType+CoreDataClass.swift */ = {isa = PBXFileReference; fileEncoding = 4; lastKnownFileType = sourcecode.swift; path = "ItemType+CoreDataClass.swift"; sourceTree = "<group>"; };
		BF9682E91DE4637500F10700 /* ItemType+CoreDataProperties.swift */ = {isa = PBXFileReference; fileEncoding = 4; lastKnownFileType = sourcecode.swift; path = "ItemType+CoreDataProperties.swift"; sourceTree = "<group>"; };
/* End PBXFileReference section */

/* Begin PBXFrameworksBuildPhase section */
		BF9682C71DE45F4B00F10700 /* Frameworks */ = {
			isa = PBXFrameworksBuildPhase;
			buildActionMask = 2147483647;
			files = (
			);
			runOnlyForDeploymentPostprocessing = 0;
		};
/* End PBXFrameworksBuildPhase section */

/* Begin PBXGroup section */
		BF1E9E381DE5969400CD414B /* View */ = {
			isa = PBXGroup;
			children = (
				BF1E9E391DE596AC00CD414B /* MaterialView.swift */,
			);
			name = View;
			sourceTree = "<group>";
		};
		BF9682C11DE45F4B00F10700 = {
			isa = PBXGroup;
			children = (
				BF9682CC1DE45F4B00F10700 /* DreamLister */,
				BF9682CB1DE45F4B00F10700 /* Products */,
			);
			sourceTree = "<group>";
		};
		BF9682CB1DE45F4B00F10700 /* Products */ = {
			isa = PBXGroup;
			children = (
				BF9682CA1DE45F4B00F10700 /* DreamLister.app */,
			);
			name = Products;
			sourceTree = "<group>";
		};
		BF9682CC1DE45F4B00F10700 /* DreamLister */ = {
			isa = PBXGroup;
			children = (
				BF1E9E381DE5969400CD414B /* View */,
				BF9682F21DE4637D00F10700 /* Model */,
				BF9682CD1DE45F4B00F10700 /* AppDelegate.swift */,
				BF9682CF1DE45F4B00F10700 /* MainViewController.swift */,
				BF9682D11DE45F4B00F10700 /* Main.storyboard */,
				BF9682D71DE45F4B00F10700 /* Assets.xcassets */,
				BF9682D91DE45F4B00F10700 /* LaunchScreen.storyboard */,
				BF9682DC1DE45F4B00F10700 /* Info.plist */,
				BF9682D41DE45F4B00F10700 /* DreamLister.xcdatamodeld */,
			);
			path = DreamLister;
			sourceTree = "<group>";
		};
		BF9682F21DE4637D00F10700 /* Model */ = {
			isa = PBXGroup;
			children = (
				BF9682E21DE4637500F10700 /* Image+CoreDataClass.swift */,
				BF9682E41DE4637500F10700 /* Item+CoreDataClass.swift */,
				BF9682E61DE4637500F10700 /* Store+CoreDataClass.swift */,
				BF9682E81DE4637500F10700 /* ItemType+CoreDataClass.swift */,
				BF9682F31DE4638500F10700 /* Generated */,
			);
			name = Model;
			sourceTree = "<group>";
		};
		BF9682F31DE4638500F10700 /* Generated */ = {
			isa = PBXGroup;
			children = (
				BF9682E31DE4637500F10700 /* Image+CoreDataProperties.swift */,
				BF9682E51DE4637500F10700 /* Item+CoreDataProperties.swift */,
				BF9682E71DE4637500F10700 /* Store+CoreDataProperties.swift */,
				BF9682E91DE4637500F10700 /* ItemType+CoreDataProperties.swift */,
			);
			name = Generated;
			sourceTree = "<group>";
		};
/* End PBXGroup section */

/* Begin PBXNativeTarget section */
		BF9682C91DE45F4B00F10700 /* DreamLister */ = {
			isa = PBXNativeTarget;
			buildConfigurationList = BF9682DF1DE45F4B00F10700 /* Build configuration list for PBXNativeTarget "DreamLister" */;
			buildPhases = (
				BF9682C61DE45F4B00F10700 /* Sources */,
				BF9682C71DE45F4B00F10700 /* Frameworks */,
				BF9682C81DE45F4B00F10700 /* Resources */,
			);
			buildRules = (
			);
			dependencies = (
			);
			name = DreamLister;
			productName = DreamLister;
			productReference = BF9682CA1DE45F4B00F10700 /* DreamLister.app */;
			productType = "com.apple.product-type.application";
		};
/* End PBXNativeTarget section */

/* Begin PBXProject section */
		BF9682C21DE45F4B00F10700 /* Project object */ = {
			isa = PBXProject;
			attributes = {
				LastSwiftUpdateCheck = 0800;
				LastUpgradeCheck = 0800;
				ORGANIZATIONNAME = kodappy;
				TargetAttributes = {
					BF9682C91DE45F4B00F10700 = {
						CreatedOnToolsVersion = 8.0;
						DevelopmentTeam = 6G68R287BD;
						ProvisioningStyle = Automatic;
					};
				};
			};
			buildConfigurationList = BF9682C51DE45F4B00F10700 /* Build configuration list for PBXProject "DreamLister" */;
			compatibilityVersion = "Xcode 3.2";
			developmentRegion = English;
			hasScannedForEncodings = 0;
			knownRegions = (
				en,
				Base,
			);
			mainGroup = BF9682C11DE45F4B00F10700;
			productRefGroup = BF9682CB1DE45F4B00F10700 /* Products */;
			projectDirPath = "";
			projectRoot = "";
			targets = (
				BF9682C91DE45F4B00F10700 /* DreamLister */,
			);
		};
/* End PBXProject section */

/* Begin PBXResourcesBuildPhase section */
		BF9682C81DE45F4B00F10700 /* Resources */ = {
			isa = PBXResourcesBuildPhase;
			buildActionMask = 2147483647;
			files = (
				BF9682DB1DE45F4B00F10700 /* LaunchScreen.storyboard in Resources */,
				BF9682D81DE45F4B00F10700 /* Assets.xcassets in Resources */,
				BF9682D31DE45F4B00F10700 /* Main.storyboard in Resources */,
			);
			runOnlyForDeploymentPostprocessing = 0;
		};
/* End PBXResourcesBuildPhase section */

/* Begin PBXSourcesBuildPhase section */
		BF9682C61DE45F4B00F10700 /* Sources */ = {
			isa = PBXSourcesBuildPhase;
			buildActionMask = 2147483647;
			files = (
				BF9682ED1DE4637500F10700 /* Item+CoreDataProperties.swift in Sources */,
				BF9682EC1DE4637500F10700 /* Item+CoreDataClass.swift in Sources */,
				BF9682F01DE4637500F10700 /* ItemType+CoreDataClass.swift in Sources */,
				BF1E9E3A1DE596AC00CD414B /* MaterialView.swift in Sources */,
				BF9682D01DE45F4B00F10700 /* MainViewController.swift in Sources */,
				BF9682EB1DE4637500F10700 /* Image+CoreDataProperties.swift in Sources */,
				BF9682EF1DE4637500F10700 /* Store+CoreDataProperties.swift in Sources */,
				BF9682CE1DE45F4B00F10700 /* AppDelegate.swift in Sources */,
				BF9682F11DE4637500F10700 /* ItemType+CoreDataProperties.swift in Sources */,
				BF9682EE1DE4637500F10700 /* Store+CoreDataClass.swift in Sources */,
				BF9682D61DE45F4B00F10700 /* DreamLister.xcdatamodeld in Sources */,
				BF9682EA1DE4637500F10700 /* Image+CoreDataClass.swift in Sources */,
			);
			runOnlyForDeploymentPostprocessing = 0;
		};
/* End PBXSourcesBuildPhase section */

/* Begin PBXVariantGroup section */
		BF9682D11DE45F4B00F10700 /* Main.storyboard */ = {
			isa = PBXVariantGroup;
			children = (
				BF9682D21DE45F4B00F10700 /* Base */,
			);
			name = Main.storyboard;
			sourceTree = "<group>";
		};
		BF9682D91DE45F4B00F10700 /* LaunchScreen.storyboard */ = {
			isa = PBXVariantGroup;
			children = (
				BF9682DA1DE45F4B00F10700 /* Base */,
			);
			name = LaunchScreen.storyboard;
			sourceTree = "<group>";
		};
/* End PBXVariantGroup section */

/* Begin XCBuildConfiguration section */
		BF9682DD1DE45F4B00F10700 /* Debug */ = {
			isa = XCBuildConfiguration;
			buildSettings = {
				ALWAYS_SEARCH_USER_PATHS = NO;
				CLANG_ANALYZER_NONNULL = YES;
				CLANG_CXX_LANGUAGE_STANDARD = "gnu++0x";
				CLANG_CXX_LIBRARY = "libc++";
				CLANG_ENABLE_MODULES = YES;
				CLANG_ENABLE_OBJC_ARC = YES;
				CLANG_WARN_BOOL_CONVERSION = YES;
				CLANG_WARN_CONSTANT_CONVERSION = YES;
				CLANG_WARN_DIRECT_OBJC_ISA_USAGE = YES_ERROR;
				CLANG_WARN_DOCUMENTATION_COMMENTS = YES;
				CLANG_WARN_EMPTY_BODY = YES;
				CLANG_WARN_ENUM_CONVERSION = YES;
				CLANG_WARN_INFINITE_RECURSION = YES;
				CLANG_WARN_INT_CONVERSION = YES;
				CLANG_WARN_OBJC_ROOT_CLASS = YES_ERROR;
				CLANG_WARN_SUSPICIOUS_MOVES = YES;
				CLANG_WARN_UNREACHABLE_CODE = YES;
				CLANG_WARN__DUPLICATE_METHOD_MATCH = YES;
				"CODE_SIGN_IDENTITY[sdk=iphoneos*]" = "iPhone Developer";
				COPY_PHASE_STRIP = NO;
				DEBUG_INFORMATION_FORMAT = dwarf;
				ENABLE_STRICT_OBJC_MSGSEND = YES;
				ENABLE_TESTABILITY = YES;
				GCC_C_LANGUAGE_STANDARD = gnu99;
				GCC_DYNAMIC_NO_PIC = NO;
				GCC_NO_COMMON_BLOCKS = YES;
				GCC_OPTIMIZATION_LEVEL = 0;
				GCC_PREPROCESSOR_DEFINITIONS = (
					"DEBUG=1",
					"$(inherited)",
				);
				GCC_WARN_64_TO_32_BIT_CONVERSION = YES;
				GCC_WARN_ABOUT_RETURN_TYPE = YES_ERROR;
				GCC_WARN_UNDECLARED_SELECTOR = YES;
				GCC_WARN_UNINITIALIZED_AUTOS = YES_AGGRESSIVE;
				GCC_WARN_UNUSED_FUNCTION = YES;
				GCC_WARN_UNUSED_VARIABLE = YES;
				IPHONEOS_DEPLOYMENT_TARGET = 10.0;
				MTL_ENABLE_DEBUG_INFO = YES;
				ONLY_ACTIVE_ARCH = YES;
				SDKROOT = iphoneos;
				SWIFT_ACTIVE_COMPILATION_CONDITIONS = DEBUG;
				SWIFT_OPTIMIZATION_LEVEL = "-Onone";
			};
			name = Debug;
		};
		BF9682DE1DE45F4B00F10700 /* Release */ = {
			isa = XCBuildConfiguration;
			buildSettings = {
				ALWAYS_SEARCH_USER_PATHS = NO;
				CLANG_ANALYZER_NONNULL = YES;
				CLANG_CXX_LANGUAGE_STANDARD = "gnu++0x";
				CLANG_CXX_LIBRARY = "libc++";
				CLANG_ENABLE_MODULES = YES;
				CLANG_ENABLE_OBJC_ARC = YES;
				CLANG_WARN_BOOL_CONVERSION = YES;
				CLANG_WARN_CONSTANT_CONVERSION = YES;
				CLANG_WARN_DIRECT_OBJC_ISA_USAGE = YES_ERROR;
				CLANG_WARN_DOCUMENTATION_COMMENTS = YES;
				CLANG_WARN_EMPTY_BODY = YES;
				CLANG_WARN_ENUM_CONVERSION = YES;
				CLANG_WARN_INFINITE_RECURSION = YES;
				CLANG_WARN_INT_CONVERSION = YES;
				CLANG_WARN_OBJC_ROOT_CLASS = YES_ERROR;
				CLANG_WARN_SUSPICIOUS_MOVES = YES;
				CLANG_WARN_UNREACHABLE_CODE = YES;
				CLANG_WARN__DUPLICATE_METHOD_MATCH = YES;
				"CODE_SIGN_IDENTITY[sdk=iphoneos*]" = "iPhone Developer";
				COPY_PHASE_STRIP = NO;
				DEBUG_INFORMATION_FORMAT = "dwarf-with-dsym";
				ENABLE_NS_ASSERTIONS = NO;
				ENABLE_STRICT_OBJC_MSGSEND = YES;
				GCC_C_LANGUAGE_STANDARD = gnu99;
				GCC_NO_COMMON_BLOCKS = YES;
				GCC_WARN_64_TO_32_BIT_CONVERSION = YES;
				GCC_WARN_ABOUT_RETURN_TYPE = YES_ERROR;
				GCC_WARN_UNDECLARED_SELECTOR = YES;
				GCC_WARN_UNINITIALIZED_AUTOS = YES_AGGRESSIVE;
				GCC_WARN_UNUSED_FUNCTION = YES;
				GCC_WARN_UNUSED_VARIABLE = YES;
				IPHONEOS_DEPLOYMENT_TARGET = 10.0;
				MTL_ENABLE_DEBUG_INFO = NO;
				SDKROOT = iphoneos;
				SWIFT_OPTIMIZATION_LEVEL = "-Owholemodule";
				VALIDATE_PRODUCT = YES;
			};
			name = Release;
		};
		BF9682E01DE45F4B00F10700 /* Debug */ = {
			isa = XCBuildConfiguration;
			buildSettings = {
				ASSETCATALOG_COMPILER_APPICON_NAME = AppIcon;
				DEVELOPMENT_TEAM = 6G68R287BD;
				INFOPLIST_FILE = DreamLister/Info.plist;
				LD_RUNPATH_SEARCH_PATHS = "$(inherited) @executable_path/Frameworks";
				PRODUCT_BUNDLE_IDENTIFIER = com.kodappy.DreamLister;
				PRODUCT_NAME = "$(TARGET_NAME)";
				SWIFT_VERSION = 3.0;
			};
			name = Debug;
		};
		BF9682E11DE45F4B00F10700 /* Release */ = {
			isa = XCBuildConfiguration;
			buildSettings = {
				ASSETCATALOG_COMPILER_APPICON_NAME = AppIcon;
				DEVELOPMENT_TEAM = 6G68R287BD;
				INFOPLIST_FILE = DreamLister/Info.plist;
				LD_RUNPATH_SEARCH_PATHS = "$(inherited) @executable_path/Frameworks";
				PRODUCT_BUNDLE_IDENTIFIER = com.kodappy.DreamLister;
				PRODUCT_NAME = "$(TARGET_NAME)";
				SWIFT_VERSION = 3.0;
			};
			name = Release;
		};
/* End XCBuildConfiguration section */

/* Begin XCConfigurationList section */
		BF9682C51DE45F4B00F10700 /* Build configuration list for PBXProject "DreamLister" */ = {
			isa = XCConfigurationList;
			buildConfigurations = (
				BF9682DD1DE45F4B00F10700 /* Debug */,
				BF9682DE1DE45F4B00F10700 /* Release */,
			);
			defaultConfigurationIsVisible = 0;
			defaultConfigurationName = Release;
		};
		BF9682DF1DE45F4B00F10700 /* Build configuration list for PBXNativeTarget "DreamLister" */ = {
			isa = XCConfigurationList;
			buildConfigurations = (
				BF9682E01DE45F4B00F10700 /* Debug */,
				BF9682E11DE45F4B00F10700 /* Release */,
			);
			defaultConfigurationIsVisible = 0;
			defaultConfigurationName = Release;
		};
/* End XCConfigurationList section */

/* Begin XCVersionGroup section */
		BF9682D41DE45F4B00F10700 /* DreamLister.xcdatamodeld */ = {
			isa = XCVersionGroup;
			children = (
				BF9682D51DE45F4B00F10700 /* DreamLister.xcdatamodel */,
			);
			currentVersion = BF9682D51DE45F4B00F10700 /* DreamLister.xcdatamodel */;
			path = DreamLister.xcdatamodeld;
			sourceTree = "<group>";
			versionGroupType = wrapper.xcdatamodel;
		};
/* End XCVersionGroup section */
	};
	rootObject = BF9682C21DE45F4B00F10700 /* Project object */;
}
